
Microsoft Visual Studio Solution File, Format Version 12.00
# Visual Studio Version 17
VisualStudioVersion = 17.4.33213.308
MinimumVisualStudioVersion = 10.0.40219.1
Project("{FAE04EC0-301F-11D3-BF4B-00C04F79EFBC}") = "deliverable2_ConditionalStatements", "deliverable2_ConditionalStatements\deliverable2_ConditionalStatements.csproj", "{440184AA-13CC-4659-8F4A-2A95E59B6BF5}"
EndProject
Global
	GlobalSection(SolutionConfigurationPlatforms) = preSolution
		Debug|Any CPU = Debug|Any CPU
		Release|Any CPU = Release|Any CPU
	EndGlobalSection
	GlobalSection(ProjectConfigurationPlatforms) = postSolution
		{440184AA-13CC-4659-8F4A-2A95E59B6BF5}.Debug|Any CPU.ActiveCfg = Debug|Any CPU
		{440184AA-13CC-4659-8F4A-2A95E59B6BF5}.Debug|Any CPU.Build.0 = Debug|Any CPU
		{440184AA-13CC-4659-8F4A-2A95E59B6BF5}.Release|Any CPU.ActiveCfg = Release|Any CPU
		{440184AA-13CC-4659-8F4A-2A95E59B6BF5}.Release|Any CPU.Build.0 = Release|Any CPU
	EndGlobalSection
	GlobalSection(SolutionProperties) = preSolution
		HideSolutionNode = FALSE
	EndGlobalSection
	GlobalSection(ExtensibilityGlobals) = postSolution
		SolutionGuid = {7953075B-DF5A-450E-AE6C-91F9F7DCE7F9}
	EndGlobalSection
EndGlobal
